# THIS IS AN AUTOGENERATED FILE. DO NOT EDIT THIS FILE DIRECTLY.
# yarn lockfile v1


"@aicupa/api@^1.0.1":
  version "1.0.1"
  resolved "https://registry.npmmirror.com/@aicupa/api/-/api-1.0.1.tgz#1efc2f637d8ff3855538699354389fe788534a38"
  integrity sha512-6xLdhDf8TmUY/zkmlksLi29mkGLfhoUucIt35kaVC1DSEL1mOszJosFdaTjPSa2CSGrSgJx7DqozfD2zV8MHGQ==
