# THIS IS AN AUTOGENERATED FILE. DO NOT EDIT THIS FILE DIRECTLY.
# yarn lockfile v1


"@aicupa/api@^1.0.2":
  version "1.0.2"
  resolved "https://registry.npmmirror.com/@aicupa/api/-/api-1.0.2.tgz#500f2b50659e633f38f8f1268fac44dee54e3812"
  integrity sha512-V3Ls27Cp7c6PIoFJXQgM0wmgz9uooMgCfd2rDV7SlUhYZ65O0304OmwmfyvfpctAO28bTM4v7o0juowddBOIFA==
